
Microsoft Visual Studio Solution File, Format Version 12.00
# Visual Studio Version 16
VisualStudioVersion = 16.0.31313.79
MinimumVisualStudioVersion = 10.0.40219.1
Project("{FAE04EC0-301F-11D3-BF4B-00C04F79EFBC}") = "DesignPatterns", ".\DesignPatterns\DesignPatterns.csproj", "{29BADE70-9CD8-4099-B62A-9EBF260E4600}"
EndProject
Project("{FAE04EC0-301F-11D3-BF4B-00C04F79EFBC}") = "DesignPatterns.Tests", ".\DesignPatterns.Tests\DesignPatterns.Tests.csproj", "{5B466694-0E7F-490B-A296-37C8F920A700}"
EndProject
Global
	GlobalSection(SolutionConfigurationPlatforms) = preSolution
		Debug|Any CPU = Debug|Any CPU
		Release|Any CPU = Release|Any CPU
	EndGlobalSection
	GlobalSection(ProjectConfigurationPlatforms) = postSolution
		{29BADE70-9CD8-4099-B62A-9EBF260E4600}.Debug|Any CPU.ActiveCfg = Debug|Any CPU
		{29BADE70-9CD8-4099-B62A-9EBF260E4600}.Debug|Any CPU.Build.0 = Debug|Any CPU
		{29BADE70-9CD8-4099-B62A-9EBF260E4600}.Release|Any CPU.ActiveCfg = Release|Any CPU
		{29BADE70-9CD8-4099-B62A-9EBF260E4600}.Release|Any CPU.Build.0 = Release|Any CPU
		{5B466694-0E7F-490B-A296-37C8F920A700}.Debug|Any CPU.ActiveCfg = Debug|Any CPU
		{5B466694-0E7F-490B-A296-37C8F920A700}.Debug|Any CPU.Build.0 = Debug|Any CPU
		{5B466694-0E7F-490B-A296-37C8F920A700}.Release|Any CPU.ActiveCfg = Release|Any CPU
		{5B466694-0E7F-490B-A296-37C8F920A700}.Release|Any CPU.Build.0 = Release|Any CPU
	EndGlobalSection
	GlobalSection(SolutionProperties) = preSolution
		HideSolutionNode = FALSE
	EndGlobalSection
	GlobalSection(ExtensibilityGlobals) = postSolution
		SolutionGuid = {E1B4BBA3-3194-4831-B266-7AB8F5D9D35E}
	EndGlobalSection
EndGlobal
